
Microsoft Visual Studio Solution File, Format Version 12.00
# Visual Studio Version 16
VisualStudioVersion = 16.0.29215.179
MinimumVisualStudioVersion = 10.0.40219.1
Project("{FAE04EC0-301F-11D3-BF4B-00C04F79EFBC}") = "Lab1_4CS", "Lab1_4CS.csproj", "{0AC52ED3-59A3-4E51-A3E9-5486095FF98C}"
EndProject
Global
	GlobalSection(SolutionConfigurationPlatforms) = preSolution
		Debug|Any CPU = Debug|Any CPU
		Release|Any CPU = Release|Any CPU
	EndGlobalSection
	GlobalSection(ProjectConfigurationPlatforms) = postSolution
		{0AC52ED3-59A3-4E51-A3E9-5486095FF98C}.Debug|Any CPU.ActiveCfg = Debug|Any CPU
		{0AC52ED3-59A3-4E51-A3E9-5486095FF98C}.Debug|Any CPU.Build.0 = Debug|Any CPU
		{0AC52ED3-59A3-4E51-A3E9-5486095FF98C}.Release|Any CPU.ActiveCfg = Release|Any CPU
		{0AC52ED3-59A3-4E51-A3E9-5486095FF98C}.Release|Any CPU.Build.0 = Release|Any CPU
	EndGlobalSection
	GlobalSection(SolutionProperties) = preSolution
		HideSolutionNode = FALSE
	EndGlobalSection
	GlobalSection(ExtensibilityGlobals) = postSolution
		SolutionGuid = {4D6CD5DB-366A-4962-A49C-8BD27C79EABF}
	EndGlobalSection
EndGlobal
