
Microsoft Visual Studio Solution File, Format Version 12.00
# Visual Studio Version 16
VisualStudioVersion = 16.0.29215.179
MinimumVisualStudioVersion = 10.0.40219.1
Project("{FAE04EC0-301F-11D3-BF4B-00C04F79EFBC}") = "Lab2_1CS", "Lab2_1CS.csproj", "{EC40A902-C94C-4E0D-82C1-7016808A1AD0}"
EndProject
Global
	GlobalSection(SolutionConfigurationPlatforms) = preSolution
		Debug|Any CPU = Debug|Any CPU
		Release|Any CPU = Release|Any CPU
	EndGlobalSection
	GlobalSection(ProjectConfigurationPlatforms) = postSolution
		{EC40A902-C94C-4E0D-82C1-7016808A1AD0}.Debug|Any CPU.ActiveCfg = Debug|Any CPU
		{EC40A902-C94C-4E0D-82C1-7016808A1AD0}.Debug|Any CPU.Build.0 = Debug|Any CPU
		{EC40A902-C94C-4E0D-82C1-7016808A1AD0}.Release|Any CPU.ActiveCfg = Release|Any CPU
		{EC40A902-C94C-4E0D-82C1-7016808A1AD0}.Release|Any CPU.Build.0 = Release|Any CPU
	EndGlobalSection
	GlobalSection(SolutionProperties) = preSolution
		HideSolutionNode = FALSE
	EndGlobalSection
	GlobalSection(ExtensibilityGlobals) = postSolution
		SolutionGuid = {0EED61B8-2686-4DC3-B91D-31190DFF902D}
	EndGlobalSection
EndGlobal
