
Microsoft Visual Studio Solution File, Format Version 12.00
# Visual Studio Version 16
VisualStudioVersion = 16.0.29215.179
MinimumVisualStudioVersion = 10.0.40219.1
Project("{FAE04EC0-301F-11D3-BF4B-00C04F79EFBC}") = "Lab1_2CS", "Lab1_2CS.csproj", "{9612D545-15D7-42E7-AAF5-9C10CC58CB6D}"
EndProject
Global
	GlobalSection(SolutionConfigurationPlatforms) = preSolution
		Debug|Any CPU = Debug|Any CPU
		Release|Any CPU = Release|Any CPU
	EndGlobalSection
	GlobalSection(ProjectConfigurationPlatforms) = postSolution
		{9612D545-15D7-42E7-AAF5-9C10CC58CB6D}.Debug|Any CPU.ActiveCfg = Debug|Any CPU
		{9612D545-15D7-42E7-AAF5-9C10CC58CB6D}.Debug|Any CPU.Build.0 = Debug|Any CPU
		{9612D545-15D7-42E7-AAF5-9C10CC58CB6D}.Release|Any CPU.ActiveCfg = Release|Any CPU
		{9612D545-15D7-42E7-AAF5-9C10CC58CB6D}.Release|Any CPU.Build.0 = Release|Any CPU
	EndGlobalSection
	GlobalSection(SolutionProperties) = preSolution
		HideSolutionNode = FALSE
	EndGlobalSection
	GlobalSection(ExtensibilityGlobals) = postSolution
		SolutionGuid = {8C358520-D915-47D5-95E9-A3549BD0B7D5}
	EndGlobalSection
EndGlobal
