
Microsoft Visual Studio Solution File, Format Version 12.00
# Visual Studio Version 16
VisualStudioVersion = 16.0.29215.179
MinimumVisualStudioVersion = 10.0.40219.1
Project("{FAE04EC0-301F-11D3-BF4B-00C04F79EFBC}") = "Lab1_3CS", "Lab1_3CS.csproj", "{0855A459-4907-4AD0-9D90-ECE8CE674CCD}"
EndProject
Global
	GlobalSection(SolutionConfigurationPlatforms) = preSolution
		Debug|Any CPU = Debug|Any CPU
		Release|Any CPU = Release|Any CPU
	EndGlobalSection
	GlobalSection(ProjectConfigurationPlatforms) = postSolution
		{0855A459-4907-4AD0-9D90-ECE8CE674CCD}.Debug|Any CPU.ActiveCfg = Debug|Any CPU
		{0855A459-4907-4AD0-9D90-ECE8CE674CCD}.Debug|Any CPU.Build.0 = Debug|Any CPU
		{0855A459-4907-4AD0-9D90-ECE8CE674CCD}.Release|Any CPU.ActiveCfg = Release|Any CPU
		{0855A459-4907-4AD0-9D90-ECE8CE674CCD}.Release|Any CPU.Build.0 = Release|Any CPU
	EndGlobalSection
	GlobalSection(SolutionProperties) = preSolution
		HideSolutionNode = FALSE
	EndGlobalSection
	GlobalSection(ExtensibilityGlobals) = postSolution
		SolutionGuid = {753F49D9-37B4-4C1F-8C64-645625B65B0B}
	EndGlobalSection
EndGlobal
