
Microsoft Visual Studio Solution File, Format Version 12.00
# Visual Studio Version 16
VisualStudioVersion = 16.0.29409.12
MinimumVisualStudioVersion = 10.0.40219.1
Project("{FAE04EC0-301F-11D3-BF4B-00C04F79EFBC}") = "Lab16_1", "Lab16_1\Lab16_1.csproj", "{F8D5CE14-60B1-4E72-B998-15113D06AD36}"
EndProject
Project("{FAE04EC0-301F-11D3-BF4B-00C04F79EFBC}") = "Lab16_2", "Lab16_2\Lab16_2.csproj", "{1A3046E2-261E-4ADA-BC2E-B15E30FA8EB8}"
EndProject
Project("{FAE04EC0-301F-11D3-BF4B-00C04F79EFBC}") = "Lab16_3", "Lab16_3\Lab16_3.csproj", "{5F3814C9-31DB-4979-9690-AB10DC8A0ACB}"
EndProject
Project("{FAE04EC0-301F-11D3-BF4B-00C04F79EFBC}") = "Lab16_4", "Lab16_4\Lab16_4.csproj", "{F17A26F2-787C-40F7-BAEB-AA4988606EDE}"
EndProject
Project("{FAE04EC0-301F-11D3-BF4B-00C04F79EFBC}") = "Lab16_5", "Lab16_5\Lab16_5.csproj", "{B91A9B5B-92D8-4FF6-86DC-E1A6DBB77E5B}"
EndProject
Global
	GlobalSection(SolutionConfigurationPlatforms) = preSolution
		Debug|Any CPU = Debug|Any CPU
		Release|Any CPU = Release|Any CPU
	EndGlobalSection
	GlobalSection(ProjectConfigurationPlatforms) = postSolution
		{F8D5CE14-60B1-4E72-B998-15113D06AD36}.Debug|Any CPU.ActiveCfg = Debug|Any CPU
		{F8D5CE14-60B1-4E72-B998-15113D06AD36}.Debug|Any CPU.Build.0 = Debug|Any CPU
		{F8D5CE14-60B1-4E72-B998-15113D06AD36}.Release|Any CPU.ActiveCfg = Release|Any CPU
		{F8D5CE14-60B1-4E72-B998-15113D06AD36}.Release|Any CPU.Build.0 = Release|Any CPU
		{1A3046E2-261E-4ADA-BC2E-B15E30FA8EB8}.Debug|Any CPU.ActiveCfg = Debug|Any CPU
		{1A3046E2-261E-4ADA-BC2E-B15E30FA8EB8}.Debug|Any CPU.Build.0 = Debug|Any CPU
		{1A3046E2-261E-4ADA-BC2E-B15E30FA8EB8}.Release|Any CPU.ActiveCfg = Release|Any CPU
		{1A3046E2-261E-4ADA-BC2E-B15E30FA8EB8}.Release|Any CPU.Build.0 = Release|Any CPU
		{5F3814C9-31DB-4979-9690-AB10DC8A0ACB}.Debug|Any CPU.ActiveCfg = Debug|Any CPU
		{5F3814C9-31DB-4979-9690-AB10DC8A0ACB}.Debug|Any CPU.Build.0 = Debug|Any CPU
		{5F3814C9-31DB-4979-9690-AB10DC8A0ACB}.Release|Any CPU.ActiveCfg = Release|Any CPU
		{5F3814C9-31DB-4979-9690-AB10DC8A0ACB}.Release|Any CPU.Build.0 = Release|Any CPU
		{F17A26F2-787C-40F7-BAEB-AA4988606EDE}.Debug|Any CPU.ActiveCfg = Debug|Any CPU
		{F17A26F2-787C-40F7-BAEB-AA4988606EDE}.Debug|Any CPU.Build.0 = Debug|Any CPU
		{F17A26F2-787C-40F7-BAEB-AA4988606EDE}.Release|Any CPU.ActiveCfg = Release|Any CPU
		{F17A26F2-787C-40F7-BAEB-AA4988606EDE}.Release|Any CPU.Build.0 = Release|Any CPU
		{B91A9B5B-92D8-4FF6-86DC-E1A6DBB77E5B}.Debug|Any CPU.ActiveCfg = Debug|Any CPU
		{B91A9B5B-92D8-4FF6-86DC-E1A6DBB77E5B}.Debug|Any CPU.Build.0 = Debug|Any CPU
		{B91A9B5B-92D8-4FF6-86DC-E1A6DBB77E5B}.Release|Any CPU.ActiveCfg = Release|Any CPU
		{B91A9B5B-92D8-4FF6-86DC-E1A6DBB77E5B}.Release|Any CPU.Build.0 = Release|Any CPU
	EndGlobalSection
	GlobalSection(SolutionProperties) = preSolution
		HideSolutionNode = FALSE
	EndGlobalSection
	GlobalSection(ExtensibilityGlobals) = postSolution
		SolutionGuid = {52980F54-07A4-4A7D-B9B6-2968D4853440}
	EndGlobalSection
EndGlobal
