
Microsoft Visual Studio Solution File, Format Version 12.00
# Visual Studio Version 16
VisualStudioVersion = 16.0.29215.179
MinimumVisualStudioVersion = 10.0.40219.1
Project("{FAE04EC0-301F-11D3-BF4B-00C04F79EFBC}") = "Lab2_2CS", "Lab2_2CS.csproj", "{8BF25EA9-2572-40F9-A77C-A0FD179DAF43}"
EndProject
Global
	GlobalSection(SolutionConfigurationPlatforms) = preSolution
		Debug|Any CPU = Debug|Any CPU
		Release|Any CPU = Release|Any CPU
	EndGlobalSection
	GlobalSection(ProjectConfigurationPlatforms) = postSolution
		{8BF25EA9-2572-40F9-A77C-A0FD179DAF43}.Debug|Any CPU.ActiveCfg = Debug|Any CPU
		{8BF25EA9-2572-40F9-A77C-A0FD179DAF43}.Debug|Any CPU.Build.0 = Debug|Any CPU
		{8BF25EA9-2572-40F9-A77C-A0FD179DAF43}.Release|Any CPU.ActiveCfg = Release|Any CPU
		{8BF25EA9-2572-40F9-A77C-A0FD179DAF43}.Release|Any CPU.Build.0 = Release|Any CPU
	EndGlobalSection
	GlobalSection(SolutionProperties) = preSolution
		HideSolutionNode = FALSE
	EndGlobalSection
	GlobalSection(ExtensibilityGlobals) = postSolution
		SolutionGuid = {5ED3D7D0-4EF6-47D9-A939-0669A764F4C3}
	EndGlobalSection
EndGlobal
