
Microsoft Visual Studio Solution File, Format Version 12.00
# Visual Studio Version 16
VisualStudioVersion = 16.0.29409.12
MinimumVisualStudioVersion = 10.0.40219.1
Project("{FAE04EC0-301F-11D3-BF4B-00C04F79EFBC}") = "Lab11_1", "Lab11_1\Lab11_1.csproj", "{8798884C-248A-4EA7-BDCB-FA21684D4613}"
EndProject
Project("{FAE04EC0-301F-11D3-BF4B-00C04F79EFBC}") = "Lab11_2", "Lab11_2\Lab11_2.csproj", "{A860283D-4A33-4FA2-BF50-FEA8F9587919}"
EndProject
Project("{FAE04EC0-301F-11D3-BF4B-00C04F79EFBC}") = "Lab11_3", "Lab11_3\Lab11_3.csproj", "{4CD8A841-DB4B-4A62-9845-EEE9E63FF1F6}"
EndProject
Project("{FAE04EC0-301F-11D3-BF4B-00C04F79EFBC}") = "Lab11_4", "Lab11_4\Lab11_4.csproj", "{034FFF7F-160D-46B8-A73D-B66877AE2C34}"
EndProject
Project("{FAE04EC0-301F-11D3-BF4B-00C04F79EFBC}") = "Lab11_5", "Lab11_5\Lab11_5.csproj", "{254EDB38-3129-44FE-83DE-5C7E3051907F}"
EndProject
Project("{FAE04EC0-301F-11D3-BF4B-00C04F79EFBC}") = "Lab11_6", "Lab11_6\Lab11_6.csproj", "{14C23965-C9EF-4264-B1FB-0B9899EF41A9}"
EndProject
Global
	GlobalSection(SolutionConfigurationPlatforms) = preSolution
		Debug|Any CPU = Debug|Any CPU
		Release|Any CPU = Release|Any CPU
	EndGlobalSection
	GlobalSection(ProjectConfigurationPlatforms) = postSolution
		{8798884C-248A-4EA7-BDCB-FA21684D4613}.Debug|Any CPU.ActiveCfg = Debug|Any CPU
		{8798884C-248A-4EA7-BDCB-FA21684D4613}.Debug|Any CPU.Build.0 = Debug|Any CPU
		{8798884C-248A-4EA7-BDCB-FA21684D4613}.Release|Any CPU.ActiveCfg = Release|Any CPU
		{8798884C-248A-4EA7-BDCB-FA21684D4613}.Release|Any CPU.Build.0 = Release|Any CPU
		{A860283D-4A33-4FA2-BF50-FEA8F9587919}.Debug|Any CPU.ActiveCfg = Debug|Any CPU
		{A860283D-4A33-4FA2-BF50-FEA8F9587919}.Debug|Any CPU.Build.0 = Debug|Any CPU
		{A860283D-4A33-4FA2-BF50-FEA8F9587919}.Release|Any CPU.ActiveCfg = Release|Any CPU
		{A860283D-4A33-4FA2-BF50-FEA8F9587919}.Release|Any CPU.Build.0 = Release|Any CPU
		{4CD8A841-DB4B-4A62-9845-EEE9E63FF1F6}.Debug|Any CPU.ActiveCfg = Debug|Any CPU
		{4CD8A841-DB4B-4A62-9845-EEE9E63FF1F6}.Debug|Any CPU.Build.0 = Debug|Any CPU
		{4CD8A841-DB4B-4A62-9845-EEE9E63FF1F6}.Release|Any CPU.ActiveCfg = Release|Any CPU
		{4CD8A841-DB4B-4A62-9845-EEE9E63FF1F6}.Release|Any CPU.Build.0 = Release|Any CPU
		{034FFF7F-160D-46B8-A73D-B66877AE2C34}.Debug|Any CPU.ActiveCfg = Debug|Any CPU
		{034FFF7F-160D-46B8-A73D-B66877AE2C34}.Debug|Any CPU.Build.0 = Debug|Any CPU
		{034FFF7F-160D-46B8-A73D-B66877AE2C34}.Release|Any CPU.ActiveCfg = Release|Any CPU
		{034FFF7F-160D-46B8-A73D-B66877AE2C34}.Release|Any CPU.Build.0 = Release|Any CPU
		{254EDB38-3129-44FE-83DE-5C7E3051907F}.Debug|Any CPU.ActiveCfg = Debug|Any CPU
		{254EDB38-3129-44FE-83DE-5C7E3051907F}.Debug|Any CPU.Build.0 = Debug|Any CPU
		{254EDB38-3129-44FE-83DE-5C7E3051907F}.Release|Any CPU.ActiveCfg = Release|Any CPU
		{254EDB38-3129-44FE-83DE-5C7E3051907F}.Release|Any CPU.Build.0 = Release|Any CPU
		{14C23965-C9EF-4264-B1FB-0B9899EF41A9}.Debug|Any CPU.ActiveCfg = Debug|Any CPU
		{14C23965-C9EF-4264-B1FB-0B9899EF41A9}.Debug|Any CPU.Build.0 = Debug|Any CPU
		{14C23965-C9EF-4264-B1FB-0B9899EF41A9}.Release|Any CPU.ActiveCfg = Release|Any CPU
		{14C23965-C9EF-4264-B1FB-0B9899EF41A9}.Release|Any CPU.Build.0 = Release|Any CPU
	EndGlobalSection
	GlobalSection(SolutionProperties) = preSolution
		HideSolutionNode = FALSE
	EndGlobalSection
	GlobalSection(ExtensibilityGlobals) = postSolution
		SolutionGuid = {847B3363-88FB-4362-806E-33BAD07B9359}
	EndGlobalSection
EndGlobal
