
Microsoft Visual Studio Solution File, Format Version 12.00
# Visual Studio Version 16
VisualStudioVersion = 16.0.29215.179
MinimumVisualStudioVersion = 10.0.40219.1
Project("{FAE04EC0-301F-11D3-BF4B-00C04F79EFBC}") = "Lab2_4CS", "Lab2_4CS.csproj", "{1B7124EF-1681-4917-ABF7-545E444EE1B0}"
EndProject
Global
	GlobalSection(SolutionConfigurationPlatforms) = preSolution
		Debug|Any CPU = Debug|Any CPU
		Release|Any CPU = Release|Any CPU
	EndGlobalSection
	GlobalSection(ProjectConfigurationPlatforms) = postSolution
		{1B7124EF-1681-4917-ABF7-545E444EE1B0}.Debug|Any CPU.ActiveCfg = Debug|Any CPU
		{1B7124EF-1681-4917-ABF7-545E444EE1B0}.Debug|Any CPU.Build.0 = Debug|Any CPU
		{1B7124EF-1681-4917-ABF7-545E444EE1B0}.Release|Any CPU.ActiveCfg = Release|Any CPU
		{1B7124EF-1681-4917-ABF7-545E444EE1B0}.Release|Any CPU.Build.0 = Release|Any CPU
	EndGlobalSection
	GlobalSection(SolutionProperties) = preSolution
		HideSolutionNode = FALSE
	EndGlobalSection
	GlobalSection(ExtensibilityGlobals) = postSolution
		SolutionGuid = {77291D9A-D7CC-4577-86DE-B2FBC963EC49}
	EndGlobalSection
EndGlobal
