
Microsoft Visual Studio Solution File, Format Version 12.00
# Visual Studio Version 16
VisualStudioVersion = 16.0.29409.12
MinimumVisualStudioVersion = 10.0.40219.1
Project("{FAE04EC0-301F-11D3-BF4B-00C04F79EFBC}") = "Lab14_1", "Lab14_1\Lab14_1.csproj", "{524F70D6-B476-4499-8567-7479AE950F38}"
EndProject
Project("{FAE04EC0-301F-11D3-BF4B-00C04F79EFBC}") = "Lab14_2", "Lab14_2\Lab14_2.csproj", "{BD4E40B1-66A3-46FF-A64D-EFDA9BEAE5E0}"
EndProject
Project("{FAE04EC0-301F-11D3-BF4B-00C04F79EFBC}") = "Lab14_3", "Lab14_3\Lab14_3.csproj", "{2D6A8A42-9BC3-4C4A-B1FD-5BCE1DB0A197}"
EndProject
Project("{FAE04EC0-301F-11D3-BF4B-00C04F79EFBC}") = "Lab14_4", "Lab14_4\Lab14_4.csproj", "{5D380124-3801-4E82-A391-4E040B7C9BDB}"
EndProject
Project("{FAE04EC0-301F-11D3-BF4B-00C04F79EFBC}") = "Lab14_5", "Lab14_5\Lab14_5.csproj", "{52C164DA-313B-4195-91D9-04495F988722}"
EndProject
Global
	GlobalSection(SolutionConfigurationPlatforms) = preSolution
		Debug|Any CPU = Debug|Any CPU
		Release|Any CPU = Release|Any CPU
	EndGlobalSection
	GlobalSection(ProjectConfigurationPlatforms) = postSolution
		{524F70D6-B476-4499-8567-7479AE950F38}.Debug|Any CPU.ActiveCfg = Debug|Any CPU
		{524F70D6-B476-4499-8567-7479AE950F38}.Debug|Any CPU.Build.0 = Debug|Any CPU
		{524F70D6-B476-4499-8567-7479AE950F38}.Release|Any CPU.ActiveCfg = Release|Any CPU
		{524F70D6-B476-4499-8567-7479AE950F38}.Release|Any CPU.Build.0 = Release|Any CPU
		{BD4E40B1-66A3-46FF-A64D-EFDA9BEAE5E0}.Debug|Any CPU.ActiveCfg = Debug|Any CPU
		{BD4E40B1-66A3-46FF-A64D-EFDA9BEAE5E0}.Debug|Any CPU.Build.0 = Debug|Any CPU
		{BD4E40B1-66A3-46FF-A64D-EFDA9BEAE5E0}.Release|Any CPU.ActiveCfg = Release|Any CPU
		{BD4E40B1-66A3-46FF-A64D-EFDA9BEAE5E0}.Release|Any CPU.Build.0 = Release|Any CPU
		{2D6A8A42-9BC3-4C4A-B1FD-5BCE1DB0A197}.Debug|Any CPU.ActiveCfg = Debug|Any CPU
		{2D6A8A42-9BC3-4C4A-B1FD-5BCE1DB0A197}.Debug|Any CPU.Build.0 = Debug|Any CPU
		{2D6A8A42-9BC3-4C4A-B1FD-5BCE1DB0A197}.Release|Any CPU.ActiveCfg = Release|Any CPU
		{2D6A8A42-9BC3-4C4A-B1FD-5BCE1DB0A197}.Release|Any CPU.Build.0 = Release|Any CPU
		{5D380124-3801-4E82-A391-4E040B7C9BDB}.Debug|Any CPU.ActiveCfg = Debug|Any CPU
		{5D380124-3801-4E82-A391-4E040B7C9BDB}.Debug|Any CPU.Build.0 = Debug|Any CPU
		{5D380124-3801-4E82-A391-4E040B7C9BDB}.Release|Any CPU.ActiveCfg = Release|Any CPU
		{5D380124-3801-4E82-A391-4E040B7C9BDB}.Release|Any CPU.Build.0 = Release|Any CPU
		{52C164DA-313B-4195-91D9-04495F988722}.Debug|Any CPU.ActiveCfg = Debug|Any CPU
		{52C164DA-313B-4195-91D9-04495F988722}.Debug|Any CPU.Build.0 = Debug|Any CPU
		{52C164DA-313B-4195-91D9-04495F988722}.Release|Any CPU.ActiveCfg = Release|Any CPU
		{52C164DA-313B-4195-91D9-04495F988722}.Release|Any CPU.Build.0 = Release|Any CPU
	EndGlobalSection
	GlobalSection(SolutionProperties) = preSolution
		HideSolutionNode = FALSE
	EndGlobalSection
	GlobalSection(ExtensibilityGlobals) = postSolution
		SolutionGuid = {1F9EEF3F-B224-4FC7-ACBD-D35418C32421}
	EndGlobalSection
EndGlobal
