
Microsoft Visual Studio Solution File, Format Version 12.00
# Visual Studio Version 16
VisualStudioVersion = 16.0.29409.12
MinimumVisualStudioVersion = 10.0.40219.1
Project("{FAE04EC0-301F-11D3-BF4B-00C04F79EFBC}") = "Lab20_1", "Lab20_1\Lab20_1.csproj", "{8EDD93B1-E49D-4B20-8145-B96E2BAA61CA}"
EndProject
Project("{FAE04EC0-301F-11D3-BF4B-00C04F79EFBC}") = "Lab20_2", "Lab20_2\Lab20_2.csproj", "{B84F4F7A-304D-41F8-8A2E-BA72C6CCD816}"
EndProject
Project("{FAE04EC0-301F-11D3-BF4B-00C04F79EFBC}") = "Lab20_3", "Lab20_3\Lab20_3.csproj", "{746DCB15-B8F0-42FA-A338-E980FC04B36E}"
EndProject
Project("{FAE04EC0-301F-11D3-BF4B-00C04F79EFBC}") = "Lab20_4", "Lab20_4\Lab20_4.csproj", "{788F91DE-A876-487C-9340-517111EAD605}"
EndProject
Project("{FAE04EC0-301F-11D3-BF4B-00C04F79EFBC}") = "Lab20_5", "Lab20_5\Lab20_5.csproj", "{D515D70D-42D0-428A-947A-EC9F3E2D6B28}"
EndProject
Project("{FAE04EC0-301F-11D3-BF4B-00C04F79EFBC}") = "Lab21_1", "Lab21_1\Lab21_1.csproj", "{0665AAB9-974F-41ED-9571-0EB212CF0742}"
EndProject
Project("{FAE04EC0-301F-11D3-BF4B-00C04F79EFBC}") = "Lab21_2", "Lab21_2\Lab21_2.csproj", "{AA935D65-252F-424F-B50F-6FE7B9F7A694}"
EndProject
Project("{FAE04EC0-301F-11D3-BF4B-00C04F79EFBC}") = "Lab21_3", "Lab21_3\Lab21_3.csproj", "{5DCEB69F-FF88-4002-963B-1140EE83EEDC}"
EndProject
Project("{FAE04EC0-301F-11D3-BF4B-00C04F79EFBC}") = "Lab21_4", "Lab21_4\Lab21_4.csproj", "{11A473D4-0100-4C75-A1AE-A4B3C261290E}"
EndProject
Project("{FAE04EC0-301F-11D3-BF4B-00C04F79EFBC}") = "Lab21_5", "Lab21_5\Lab21_5.csproj", "{ACABCF45-C95A-4A87-AB2F-9B78356DB5E1}"
EndProject
Project("{FAE04EC0-301F-11D3-BF4B-00C04F79EFBC}") = "Lab21_6_2", "Lab21_6_2\Lab21_6_2.csproj", "{185D0E01-1423-4C4B-8BC6-40C1672687DE}"
EndProject
Project("{FAE04EC0-301F-11D3-BF4B-00C04F79EFBC}") = "Lab21_7", "Lab21_7\Lab21_7.csproj", "{B0187230-F8E3-4697-A88F-F65C0AEB3A6B}"
EndProject
Project("{FAE04EC0-301F-11D3-BF4B-00C04F79EFBC}") = "Lab22_1", "Lab22_1\Lab22_1.csproj", "{4E866933-3421-4468-A00B-5ADCC5B8DE9A}"
EndProject
Project("{FAE04EC0-301F-11D3-BF4B-00C04F79EFBC}") = "Lab22_2", "Lab22_2\Lab22_2.csproj", "{E81F4F18-8BD5-4B0E-BA63-2909499EFF44}"
EndProject
Project("{FAE04EC0-301F-11D3-BF4B-00C04F79EFBC}") = "Lab22_3", "Lab22_3\Lab22_3.csproj", "{00147CDE-D5A0-49FB-BDFE-991DED7FC5A3}"
EndProject
Project("{FAE04EC0-301F-11D3-BF4B-00C04F79EFBC}") = "Lab22_4", "Lab22_4\Lab22_4.csproj", "{DC86E7DE-015A-4064-A419-6769CEF5228D}"
EndProject
Project("{FAE04EC0-301F-11D3-BF4B-00C04F79EFBC}") = "Lab22_5", "Lab22_5\Lab22_5.csproj", "{53B0B457-182F-4540-8520-57CF2492D5B9}"
EndProject
Global
	GlobalSection(SolutionConfigurationPlatforms) = preSolution
		Debug|Any CPU = Debug|Any CPU
		Release|Any CPU = Release|Any CPU
	EndGlobalSection
	GlobalSection(ProjectConfigurationPlatforms) = postSolution
		{8EDD93B1-E49D-4B20-8145-B96E2BAA61CA}.Debug|Any CPU.ActiveCfg = Debug|Any CPU
		{8EDD93B1-E49D-4B20-8145-B96E2BAA61CA}.Debug|Any CPU.Build.0 = Debug|Any CPU
		{8EDD93B1-E49D-4B20-8145-B96E2BAA61CA}.Release|Any CPU.ActiveCfg = Release|Any CPU
		{8EDD93B1-E49D-4B20-8145-B96E2BAA61CA}.Release|Any CPU.Build.0 = Release|Any CPU
		{B84F4F7A-304D-41F8-8A2E-BA72C6CCD816}.Debug|Any CPU.ActiveCfg = Debug|Any CPU
		{B84F4F7A-304D-41F8-8A2E-BA72C6CCD816}.Debug|Any CPU.Build.0 = Debug|Any CPU
		{B84F4F7A-304D-41F8-8A2E-BA72C6CCD816}.Release|Any CPU.ActiveCfg = Release|Any CPU
		{B84F4F7A-304D-41F8-8A2E-BA72C6CCD816}.Release|Any CPU.Build.0 = Release|Any CPU
		{746DCB15-B8F0-42FA-A338-E980FC04B36E}.Debug|Any CPU.ActiveCfg = Debug|Any CPU
		{746DCB15-B8F0-42FA-A338-E980FC04B36E}.Debug|Any CPU.Build.0 = Debug|Any CPU
		{746DCB15-B8F0-42FA-A338-E980FC04B36E}.Release|Any CPU.ActiveCfg = Release|Any CPU
		{746DCB15-B8F0-42FA-A338-E980FC04B36E}.Release|Any CPU.Build.0 = Release|Any CPU
		{788F91DE-A876-487C-9340-517111EAD605}.Debug|Any CPU.ActiveCfg = Debug|Any CPU
		{788F91DE-A876-487C-9340-517111EAD605}.Debug|Any CPU.Build.0 = Debug|Any CPU
		{788F91DE-A876-487C-9340-517111EAD605}.Release|Any CPU.ActiveCfg = Release|Any CPU
		{788F91DE-A876-487C-9340-517111EAD605}.Release|Any CPU.Build.0 = Release|Any CPU
		{D515D70D-42D0-428A-947A-EC9F3E2D6B28}.Debug|Any CPU.ActiveCfg = Debug|Any CPU
		{D515D70D-42D0-428A-947A-EC9F3E2D6B28}.Debug|Any CPU.Build.0 = Debug|Any CPU
		{D515D70D-42D0-428A-947A-EC9F3E2D6B28}.Release|Any CPU.ActiveCfg = Release|Any CPU
		{D515D70D-42D0-428A-947A-EC9F3E2D6B28}.Release|Any CPU.Build.0 = Release|Any CPU
		{0665AAB9-974F-41ED-9571-0EB212CF0742}.Debug|Any CPU.ActiveCfg = Debug|Any CPU
		{0665AAB9-974F-41ED-9571-0EB212CF0742}.Debug|Any CPU.Build.0 = Debug|Any CPU
		{0665AAB9-974F-41ED-9571-0EB212CF0742}.Release|Any CPU.ActiveCfg = Release|Any CPU
		{0665AAB9-974F-41ED-9571-0EB212CF0742}.Release|Any CPU.Build.0 = Release|Any CPU
		{AA935D65-252F-424F-B50F-6FE7B9F7A694}.Debug|Any CPU.ActiveCfg = Debug|Any CPU
		{AA935D65-252F-424F-B50F-6FE7B9F7A694}.Debug|Any CPU.Build.0 = Debug|Any CPU
		{AA935D65-252F-424F-B50F-6FE7B9F7A694}.Release|Any CPU.ActiveCfg = Release|Any CPU
		{AA935D65-252F-424F-B50F-6FE7B9F7A694}.Release|Any CPU.Build.0 = Release|Any CPU
		{5DCEB69F-FF88-4002-963B-1140EE83EEDC}.Debug|Any CPU.ActiveCfg = Debug|Any CPU
		{5DCEB69F-FF88-4002-963B-1140EE83EEDC}.Debug|Any CPU.Build.0 = Debug|Any CPU
		{5DCEB69F-FF88-4002-963B-1140EE83EEDC}.Release|Any CPU.ActiveCfg = Release|Any CPU
		{5DCEB69F-FF88-4002-963B-1140EE83EEDC}.Release|Any CPU.Build.0 = Release|Any CPU
		{11A473D4-0100-4C75-A1AE-A4B3C261290E}.Debug|Any CPU.ActiveCfg = Debug|Any CPU
		{11A473D4-0100-4C75-A1AE-A4B3C261290E}.Debug|Any CPU.Build.0 = Debug|Any CPU
		{11A473D4-0100-4C75-A1AE-A4B3C261290E}.Release|Any CPU.ActiveCfg = Release|Any CPU
		{11A473D4-0100-4C75-A1AE-A4B3C261290E}.Release|Any CPU.Build.0 = Release|Any CPU
		{ACABCF45-C95A-4A87-AB2F-9B78356DB5E1}.Debug|Any CPU.ActiveCfg = Debug|Any CPU
		{ACABCF45-C95A-4A87-AB2F-9B78356DB5E1}.Debug|Any CPU.Build.0 = Debug|Any CPU
		{ACABCF45-C95A-4A87-AB2F-9B78356DB5E1}.Release|Any CPU.ActiveCfg = Release|Any CPU
		{ACABCF45-C95A-4A87-AB2F-9B78356DB5E1}.Release|Any CPU.Build.0 = Release|Any CPU
		{185D0E01-1423-4C4B-8BC6-40C1672687DE}.Debug|Any CPU.ActiveCfg = Debug|Any CPU
		{185D0E01-1423-4C4B-8BC6-40C1672687DE}.Debug|Any CPU.Build.0 = Debug|Any CPU
		{185D0E01-1423-4C4B-8BC6-40C1672687DE}.Release|Any CPU.ActiveCfg = Release|Any CPU
		{185D0E01-1423-4C4B-8BC6-40C1672687DE}.Release|Any CPU.Build.0 = Release|Any CPU
		{B0187230-F8E3-4697-A88F-F65C0AEB3A6B}.Debug|Any CPU.ActiveCfg = Debug|Any CPU
		{B0187230-F8E3-4697-A88F-F65C0AEB3A6B}.Debug|Any CPU.Build.0 = Debug|Any CPU
		{B0187230-F8E3-4697-A88F-F65C0AEB3A6B}.Release|Any CPU.ActiveCfg = Release|Any CPU
		{B0187230-F8E3-4697-A88F-F65C0AEB3A6B}.Release|Any CPU.Build.0 = Release|Any CPU
		{4E866933-3421-4468-A00B-5ADCC5B8DE9A}.Debug|Any CPU.ActiveCfg = Debug|Any CPU
		{4E866933-3421-4468-A00B-5ADCC5B8DE9A}.Debug|Any CPU.Build.0 = Debug|Any CPU
		{4E866933-3421-4468-A00B-5ADCC5B8DE9A}.Release|Any CPU.ActiveCfg = Release|Any CPU
		{4E866933-3421-4468-A00B-5ADCC5B8DE9A}.Release|Any CPU.Build.0 = Release|Any CPU
		{E81F4F18-8BD5-4B0E-BA63-2909499EFF44}.Debug|Any CPU.ActiveCfg = Debug|Any CPU
		{E81F4F18-8BD5-4B0E-BA63-2909499EFF44}.Debug|Any CPU.Build.0 = Debug|Any CPU
		{E81F4F18-8BD5-4B0E-BA63-2909499EFF44}.Release|Any CPU.ActiveCfg = Release|Any CPU
		{E81F4F18-8BD5-4B0E-BA63-2909499EFF44}.Release|Any CPU.Build.0 = Release|Any CPU
		{00147CDE-D5A0-49FB-BDFE-991DED7FC5A3}.Debug|Any CPU.ActiveCfg = Debug|Any CPU
		{00147CDE-D5A0-49FB-BDFE-991DED7FC5A3}.Debug|Any CPU.Build.0 = Debug|Any CPU
		{00147CDE-D5A0-49FB-BDFE-991DED7FC5A3}.Release|Any CPU.ActiveCfg = Release|Any CPU
		{00147CDE-D5A0-49FB-BDFE-991DED7FC5A3}.Release|Any CPU.Build.0 = Release|Any CPU
		{DC86E7DE-015A-4064-A419-6769CEF5228D}.Debug|Any CPU.ActiveCfg = Debug|Any CPU
		{DC86E7DE-015A-4064-A419-6769CEF5228D}.Debug|Any CPU.Build.0 = Debug|Any CPU
		{DC86E7DE-015A-4064-A419-6769CEF5228D}.Release|Any CPU.ActiveCfg = Release|Any CPU
		{DC86E7DE-015A-4064-A419-6769CEF5228D}.Release|Any CPU.Build.0 = Release|Any CPU
		{53B0B457-182F-4540-8520-57CF2492D5B9}.Debug|Any CPU.ActiveCfg = Debug|Any CPU
		{53B0B457-182F-4540-8520-57CF2492D5B9}.Debug|Any CPU.Build.0 = Debug|Any CPU
		{53B0B457-182F-4540-8520-57CF2492D5B9}.Release|Any CPU.ActiveCfg = Release|Any CPU
		{53B0B457-182F-4540-8520-57CF2492D5B9}.Release|Any CPU.Build.0 = Release|Any CPU
	EndGlobalSection
	GlobalSection(SolutionProperties) = preSolution
		HideSolutionNode = FALSE
	EndGlobalSection
	GlobalSection(ExtensibilityGlobals) = postSolution
		SolutionGuid = {9196909E-D3FD-454A-8BC1-0E38D6F5D08D}
	EndGlobalSection
EndGlobal
