
Microsoft Visual Studio Solution File, Format Version 12.00
# Visual Studio Version 16
VisualStudioVersion = 16.0.29215.179
MinimumVisualStudioVersion = 10.0.40219.1
Project("{FAE04EC0-301F-11D3-BF4B-00C04F79EFBC}") = "Lab2_5CS", "Lab2_5CS.csproj", "{CD6C46E6-6053-4D02-8F6E-052A05368421}"
EndProject
Global
	GlobalSection(SolutionConfigurationPlatforms) = preSolution
		Debug|Any CPU = Debug|Any CPU
		Release|Any CPU = Release|Any CPU
	EndGlobalSection
	GlobalSection(ProjectConfigurationPlatforms) = postSolution
		{CD6C46E6-6053-4D02-8F6E-052A05368421}.Debug|Any CPU.ActiveCfg = Debug|Any CPU
		{CD6C46E6-6053-4D02-8F6E-052A05368421}.Debug|Any CPU.Build.0 = Debug|Any CPU
		{CD6C46E6-6053-4D02-8F6E-052A05368421}.Release|Any CPU.ActiveCfg = Release|Any CPU
		{CD6C46E6-6053-4D02-8F6E-052A05368421}.Release|Any CPU.Build.0 = Release|Any CPU
	EndGlobalSection
	GlobalSection(SolutionProperties) = preSolution
		HideSolutionNode = FALSE
	EndGlobalSection
	GlobalSection(ExtensibilityGlobals) = postSolution
		SolutionGuid = {D0547FA0-346E-42F2-B386-3AFF1109B33F}
	EndGlobalSection
EndGlobal
