
Microsoft Visual Studio Solution File, Format Version 12.00
# Visual Studio Version 16
VisualStudioVersion = 16.0.29409.12
MinimumVisualStudioVersion = 10.0.40219.1
Project("{FAE04EC0-301F-11D3-BF4B-00C04F79EFBC}") = "Lab5", "Lab5\Lab5.csproj", "{DEEEBFAB-D6F8-4173-A333-78747F9FA8E9}"
EndProject
Project("{FAE04EC0-301F-11D3-BF4B-00C04F79EFBC}") = "Lab5.2", "Lab5.2\Lab5.2.csproj", "{3DE796FF-4128-4087-B915-BB87E18F9A04}"
EndProject
Project("{FAE04EC0-301F-11D3-BF4B-00C04F79EFBC}") = "Lab5_3", "Lab5_3\Lab5_3.csproj", "{96301C82-0416-4BDB-9817-0B3EE0D3F41A}"
EndProject
Project("{FAE04EC0-301F-11D3-BF4B-00C04F79EFBC}") = "Lab5_4", "Lab5_4\Lab5_4.csproj", "{AB405EF6-29B9-4305-AB8A-E3017AF5437F}"
EndProject
Project("{FAE04EC0-301F-11D3-BF4B-00C04F79EFBC}") = "Lab5_5", "Lab5_5\Lab5_5.csproj", "{994C7C63-C9A5-4C2D-84D5-7D572322DBBB}"
EndProject
Global
	GlobalSection(SolutionConfigurationPlatforms) = preSolution
		Debug|Any CPU = Debug|Any CPU
		Release|Any CPU = Release|Any CPU
	EndGlobalSection
	GlobalSection(ProjectConfigurationPlatforms) = postSolution
		{DEEEBFAB-D6F8-4173-A333-78747F9FA8E9}.Debug|Any CPU.ActiveCfg = Debug|Any CPU
		{DEEEBFAB-D6F8-4173-A333-78747F9FA8E9}.Debug|Any CPU.Build.0 = Debug|Any CPU
		{DEEEBFAB-D6F8-4173-A333-78747F9FA8E9}.Release|Any CPU.ActiveCfg = Release|Any CPU
		{DEEEBFAB-D6F8-4173-A333-78747F9FA8E9}.Release|Any CPU.Build.0 = Release|Any CPU
		{3DE796FF-4128-4087-B915-BB87E18F9A04}.Debug|Any CPU.ActiveCfg = Debug|Any CPU
		{3DE796FF-4128-4087-B915-BB87E18F9A04}.Debug|Any CPU.Build.0 = Debug|Any CPU
		{3DE796FF-4128-4087-B915-BB87E18F9A04}.Release|Any CPU.ActiveCfg = Release|Any CPU
		{3DE796FF-4128-4087-B915-BB87E18F9A04}.Release|Any CPU.Build.0 = Release|Any CPU
		{96301C82-0416-4BDB-9817-0B3EE0D3F41A}.Debug|Any CPU.ActiveCfg = Debug|Any CPU
		{96301C82-0416-4BDB-9817-0B3EE0D3F41A}.Debug|Any CPU.Build.0 = Debug|Any CPU
		{96301C82-0416-4BDB-9817-0B3EE0D3F41A}.Release|Any CPU.ActiveCfg = Release|Any CPU
		{96301C82-0416-4BDB-9817-0B3EE0D3F41A}.Release|Any CPU.Build.0 = Release|Any CPU
		{AB405EF6-29B9-4305-AB8A-E3017AF5437F}.Debug|Any CPU.ActiveCfg = Debug|Any CPU
		{AB405EF6-29B9-4305-AB8A-E3017AF5437F}.Debug|Any CPU.Build.0 = Debug|Any CPU
		{AB405EF6-29B9-4305-AB8A-E3017AF5437F}.Release|Any CPU.ActiveCfg = Release|Any CPU
		{AB405EF6-29B9-4305-AB8A-E3017AF5437F}.Release|Any CPU.Build.0 = Release|Any CPU
		{994C7C63-C9A5-4C2D-84D5-7D572322DBBB}.Debug|Any CPU.ActiveCfg = Debug|Any CPU
		{994C7C63-C9A5-4C2D-84D5-7D572322DBBB}.Debug|Any CPU.Build.0 = Debug|Any CPU
		{994C7C63-C9A5-4C2D-84D5-7D572322DBBB}.Release|Any CPU.ActiveCfg = Release|Any CPU
		{994C7C63-C9A5-4C2D-84D5-7D572322DBBB}.Release|Any CPU.Build.0 = Release|Any CPU
	EndGlobalSection
	GlobalSection(SolutionProperties) = preSolution
		HideSolutionNode = FALSE
	EndGlobalSection
	GlobalSection(ExtensibilityGlobals) = postSolution
		SolutionGuid = {91CF29D5-3BCA-48AA-ACB2-4A4C41024B19}
	EndGlobalSection
EndGlobal
